
Microsoft Visual Studio Solution File, Format Version 12.00
# Visual Studio Version 17
VisualStudioVersion = 17.5.002.0
MinimumVisualStudioVersion = 10.0.40219.1
Project("{FAE04EC0-301F-11D3-BF4B-00C04F79EFBC}") = "Core", "Core\Core.csproj", "{ECBAD743-EFE5-4290-9F3B-E3ED9405ADC0}"
EndProject
Project("{FAE04EC0-301F-11D3-BF4B-00C04F79EFBC}") = "Persistence", "Persistence\Persistence.csproj", "{E8E59194-BC14-46E2-8153-B04788DF5C21}"
EndProject
Project("{FAE04EC0-301F-11D3-BF4B-00C04F79EFBC}") = "Api", "Api\Api.csproj", "{C58E73D3-1EF7-4AA1-A57E-1A0D2B0644CE}"
EndProject
Project("{FAE04EC0-301F-11D3-BF4B-00C04F79EFBC}") = "ConsoleApp", "ConsoleApp\ConsoleApp.csproj", "{4FBC6FA9-511A-4499-B5D6-C2742825C94E}"
EndProject
Global
	GlobalSection(SolutionConfigurationPlatforms) = preSolution
		Debug|Any CPU = Debug|Any CPU
		Release|Any CPU = Release|Any CPU
	EndGlobalSection
	GlobalSection(ProjectConfigurationPlatforms) = postSolution
		{ECBAD743-EFE5-4290-9F3B-E3ED9405ADC0}.Debug|Any CPU.ActiveCfg = Debug|Any CPU
		{ECBAD743-EFE5-4290-9F3B-E3ED9405ADC0}.Debug|Any CPU.Build.0 = Debug|Any CPU
		{ECBAD743-EFE5-4290-9F3B-E3ED9405ADC0}.Release|Any CPU.ActiveCfg = Release|Any CPU
		{ECBAD743-EFE5-4290-9F3B-E3ED9405ADC0}.Release|Any CPU.Build.0 = Release|Any CPU
		{E8E59194-BC14-46E2-8153-B04788DF5C21}.Debug|Any CPU.ActiveCfg = Debug|Any CPU
		{E8E59194-BC14-46E2-8153-B04788DF5C21}.Debug|Any CPU.Build.0 = Debug|Any CPU
		{E8E59194-BC14-46E2-8153-B04788DF5C21}.Release|Any CPU.ActiveCfg = Release|Any CPU
		{E8E59194-BC14-46E2-8153-B04788DF5C21}.Release|Any CPU.Build.0 = Release|Any CPU
		{C58E73D3-1EF7-4AA1-A57E-1A0D2B0644CE}.Debug|Any CPU.ActiveCfg = Debug|Any CPU
		{C58E73D3-1EF7-4AA1-A57E-1A0D2B0644CE}.Debug|Any CPU.Build.0 = Debug|Any CPU
		{C58E73D3-1EF7-4AA1-A57E-1A0D2B0644CE}.Release|Any CPU.ActiveCfg = Release|Any CPU
		{C58E73D3-1EF7-4AA1-A57E-1A0D2B0644CE}.Release|Any CPU.Build.0 = Release|Any CPU
		{4FBC6FA9-511A-4499-B5D6-C2742825C94E}.Debug|Any CPU.ActiveCfg = Debug|Any CPU
		{4FBC6FA9-511A-4499-B5D6-C2742825C94E}.Debug|Any CPU.Build.0 = Debug|Any CPU
		{4FBC6FA9-511A-4499-B5D6-C2742825C94E}.Release|Any CPU.ActiveCfg = Release|Any CPU
		{4FBC6FA9-511A-4499-B5D6-C2742825C94E}.Release|Any CPU.Build.0 = Release|Any CPU
	EndGlobalSection
	GlobalSection(SolutionProperties) = preSolution
		HideSolutionNode = FALSE
	EndGlobalSection
	GlobalSection(ExtensibilityGlobals) = postSolution
		SolutionGuid = {D93583BF-CBAC-4AC4-A0F7-3E5DFA1AAD55}
	EndGlobalSection
EndGlobal
